
Microsoft Visual Studio Solution File, Format Version 12.00
# Visual Studio 15
VisualStudioVersion = 15.0.28307.489
MinimumVisualStudioVersion = 10.0.40219.1
Project("{FAE04EC0-301F-11D3-BF4B-00C04F79EFBC}") = "LoginForm", "LoginForm\LoginForm.csproj", "{688A3E8D-8D5B-45E6-8E16-A383B18B20F9}"
EndProject
Global
	GlobalSection(SolutionConfigurationPlatforms) = preSolution
		Debug|Any CPU = Debug|Any CPU
		Release|Any CPU = Release|Any CPU
	EndGlobalSection
	GlobalSection(ProjectConfigurationPlatforms) = postSolution
		{688A3E8D-8D5B-45E6-8E16-A383B18B20F9}.Debug|Any CPU.ActiveCfg = Debug|Any CPU
		{688A3E8D-8D5B-45E6-8E16-A383B18B20F9}.Debug|Any CPU.Build.0 = Debug|Any CPU
		{688A3E8D-8D5B-45E6-8E16-A383B18B20F9}.Release|Any CPU.ActiveCfg = Release|Any CPU
		{688A3E8D-8D5B-45E6-8E16-A383B18B20F9}.Release|Any CPU.Build.0 = Release|Any CPU
	EndGlobalSection
	GlobalSection(SolutionProperties) = preSolution
		HideSolutionNode = FALSE
	EndGlobalSection
	GlobalSection(ExtensibilityGlobals) = postSolution
		SolutionGuid = {BFC4CD22-6767-4AED-9E96-DF81FFFA6F8C}
	EndGlobalSection
EndGlobal
